{
  "version": 4,
  "terraform_version": "1.5.0",
  "serial": 22,
  "lineage": "cacd0fc4-fa17-1ee7-e2ac-65031381c900",
  "outputs": {},
  "resources": [
    {
      "mode": "managed",
      "type": "azurerm_network_interface",
      "name": "if01",
      "provider": "provider[\"registry.terraform.io/hashicorp/azurerm\"]",
      "instances": [
        {
          "schema_version": 0,
          "attributes": {
            "applied_dns_servers": [],
            "dns_servers": [],
            "edge_zone": "",
            "enable_accelerated_networking": false,
            "enable_ip_forwarding": false,
            "id": "/subscriptions/340ced25-5f9a-4ea3-879a-4eafd36ecaf3/resourceGroups/ex4/providers/Microsoft.Network/networkInterfaces/ex4-webvm-if01",
            "internal_dns_name_label": "",
            "internal_domain_name_suffix": "f1p5dndzi4jujnvgzfir4h1wad.ax.internal.cloudapp.net",
            "ip_configuration": [
              {
                "gateway_load_balancer_frontend_ip_configuration_id": "",
                "name": "ipconfig1",
                "primary": true,
                "private_ip_address": "192.168.0.10",
                "private_ip_address_allocation": "Static",
                "private_ip_address_version": "IPv4",
                "public_ip_address_id": "/subscriptions/340ced25-5f9a-4ea3-879a-4eafd36ecaf3/resourceGroups/ex4/providers/Microsoft.Network/publicIPAddresses/ex4-webvm-publicip",
                "subnet_id": "/subscriptions/340ced25-5f9a-4ea3-879a-4eafd36ecaf3/resourceGroups/ex4/providers/Microsoft.Network/virtualNetworks/ex4-vnet1/subnets/subnet1"
              }
            ],
            "location": "westeurope",
            "mac_address": "",
            "name": "ex4-webvm-if01",
            "private_ip_address": "192.168.0.10",
            "private_ip_addresses": [
              "192.168.0.10"
            ],
            "resource_group_name": "ex4",
            "tags": {},
            "timeouts": null,
            "virtual_machine_id": ""
          },
          "sensitive_attributes": [],
          "private": "eyJlMmJmYjczMC1lY2FhLTExZTYtOGY4OC0zNDM2M2JjN2M0YzAiOnsiY3JlYXRlIjoxODAwMDAwMDAwMDAwLCJkZWxldGUiOjE4MDAwMDAwMDAwMDAsInJlYWQiOjMwMDAwMDAwMDAwMCwidXBkYXRlIjoxODAwMDAwMDAwMDAwfX0=",
          "dependencies": [
            "azurerm_public_ip.public-ip01",
            "azurerm_resource_group.rg",
            "azurerm_subnet.my_subnet",
            "azurerm_virtual_network.vnet1"
          ]
        }
      ]
    },
    {
      "mode": "managed",
      "type": "azurerm_network_security_group",
      "name": "nsg",
      "provider": "provider[\"registry.terraform.io/hashicorp/azurerm\"]",
      "instances": [
        {
          "schema_version": 0,
          "attributes": {
            "id": "/subscriptions/340ced25-5f9a-4ea3-879a-4eafd36ecaf3/resourceGroups/ex4/providers/Microsoft.Network/networkSecurityGroups/subnet1-nsg",
            "location": "westeurope",
            "name": "subnet1-nsg",
            "resource_group_name": "ex4",
            "security_rule": [
              {
                "access": "Allow",
                "description": "",
                "destination_address_prefix": "*",
                "destination_address_prefixes": [],
                "destination_application_security_group_ids": [],
                "destination_port_range": "22",
                "destination_port_ranges": [],
                "direction": "Inbound",
                "name": "Allow-22",
                "priority": 200,
                "protocol": "Tcp",
                "source_address_prefix": "*",
                "source_address_prefixes": [],
                "source_application_security_group_ids": [],
                "source_port_range": "*",
                "source_port_ranges": []
              },
              {
                "access": "Allow",
                "description": "",
                "destination_address_prefix": "*",
                "destination_address_prefixes": [],
                "destination_application_security_group_ids": [],
                "destination_port_range": "443",
                "destination_port_ranges": [],
                "direction": "Inbound",
                "name": "Allow-443",
                "priority": 300,
                "protocol": "Tcp",
                "source_address_prefix": "*",
                "source_address_prefixes": [],
                "source_application_security_group_ids": [],
                "source_port_range": "*",
                "source_port_ranges": []
              }
            ],
            "tags": {},
            "timeouts": null
          },
          "sensitive_attributes": [],
          "private": "eyJlMmJmYjczMC1lY2FhLTExZTYtOGY4OC0zNDM2M2JjN2M0YzAiOnsiY3JlYXRlIjoxODAwMDAwMDAwMDAwLCJkZWxldGUiOjE4MDAwMDAwMDAwMDAsInJlYWQiOjMwMDAwMDAwMDAwMCwidXBkYXRlIjoxODAwMDAwMDAwMDAwfX0=",
          "dependencies": [
            "azurerm_resource_group.rg",
            "azurerm_subnet.my_subnet",
            "azurerm_virtual_network.vnet1"
          ]
        }
      ]
    },
    {
      "mode": "managed",
      "type": "azurerm_public_ip",
      "name": "public-ip01",
      "provider": "provider[\"registry.terraform.io/hashicorp/azurerm\"]",
      "instances": [
        {
          "schema_version": 0,
          "attributes": {
            "allocation_method": "Dynamic",
            "ddos_protection_mode": "VirtualNetworkInherited",
            "ddos_protection_plan_id": null,
            "domain_name_label": null,
            "edge_zone": "",
            "fqdn": null,
            "id": "/subscriptions/340ced25-5f9a-4ea3-879a-4eafd36ecaf3/resourceGroups/ex4/providers/Microsoft.Network/publicIPAddresses/ex4-webvm-publicip",
            "idle_timeout_in_minutes": 4,
            "ip_address": "",
            "ip_tags": {},
            "ip_version": "IPv4",
            "location": "westeurope",
            "name": "ex4-webvm-publicip",
            "public_ip_prefix_id": null,
            "resource_group_name": "ex4",
            "reverse_fqdn": null,
            "sku": "Basic",
            "sku_tier": "Regional",
            "tags": {
              "environment": "dev"
            },
            "timeouts": null,
            "zones": []
          },
          "sensitive_attributes": [],
          "private": "eyJlMmJmYjczMC1lY2FhLTExZTYtOGY4OC0zNDM2M2JjN2M0YzAiOnsiY3JlYXRlIjoxODAwMDAwMDAwMDAwLCJkZWxldGUiOjE4MDAwMDAwMDAwMDAsInJlYWQiOjMwMDAwMDAwMDAwMCwidXBkYXRlIjoxODAwMDAwMDAwMDAwfX0=",
          "dependencies": [
            "azurerm_resource_group.rg"
          ]
        }
      ]
    },
    {
      "mode": "managed",
      "type": "azurerm_resource_group",
      "name": "rg",
      "provider": "provider[\"registry.terraform.io/hashicorp/azurerm\"]",
      "instances": [
        {
          "schema_version": 0,
          "attributes": {
            "id": "/subscriptions/340ced25-5f9a-4ea3-879a-4eafd36ecaf3/resourceGroups/ex4",
            "location": "westeurope",
            "name": "ex4",
            "tags": {},
            "timeouts": null
          },
          "sensitive_attributes": [],
          "private": "eyJlMmJmYjczMC1lY2FhLTExZTYtOGY4OC0zNDM2M2JjN2M0YzAiOnsiY3JlYXRlIjo1NDAwMDAwMDAwMDAwLCJkZWxldGUiOjU0MDAwMDAwMDAwMDAsInJlYWQiOjMwMDAwMDAwMDAwMCwidXBkYXRlIjo1NDAwMDAwMDAwMDAwfX0="
        }
      ]
    },
    {
      "mode": "managed",
      "type": "azurerm_subnet",
      "name": "my_subnet",
      "provider": "provider[\"registry.terraform.io/hashicorp/azurerm\"]",
      "instances": [
        {
          "index_key": "subnet1",
          "schema_version": 0,
          "attributes": {
            "address_prefixes": [
              "192.168.0.0/24"
            ],
            "delegation": [],
            "enforce_private_link_endpoint_network_policies": false,
            "enforce_private_link_service_network_policies": false,
            "id": "/subscriptions/340ced25-5f9a-4ea3-879a-4eafd36ecaf3/resourceGroups/ex4/providers/Microsoft.Network/virtualNetworks/ex4-vnet1/subnets/subnet1",
            "name": "subnet1",
            "private_endpoint_network_policies_enabled": true,
            "private_link_service_network_policies_enabled": true,
            "resource_group_name": "ex4",
            "service_endpoint_policy_ids": [],
            "service_endpoints": [],
            "timeouts": null,
            "virtual_network_name": "ex4-vnet1"
          },
          "sensitive_attributes": [],
          "private": "eyJlMmJmYjczMC1lY2FhLTExZTYtOGY4OC0zNDM2M2JjN2M0YzAiOnsiY3JlYXRlIjoxODAwMDAwMDAwMDAwLCJkZWxldGUiOjE4MDAwMDAwMDAwMDAsInJlYWQiOjMwMDAwMDAwMDAwMCwidXBkYXRlIjoxODAwMDAwMDAwMDAwfX0=",
          "dependencies": [
            "azurerm_resource_group.rg",
            "azurerm_virtual_network.vnet1"
          ]
        },
        {
          "index_key": "subnet2",
          "schema_version": 0,
          "attributes": {
            "address_prefixes": [
              "192.168.1.0/24"
            ],
            "delegation": [],
            "enforce_private_link_endpoint_network_policies": false,
            "enforce_private_link_service_network_policies": false,
            "id": "/subscriptions/340ced25-5f9a-4ea3-879a-4eafd36ecaf3/resourceGroups/ex4/providers/Microsoft.Network/virtualNetworks/ex4-vnet1/subnets/subnet2",
            "name": "subnet2",
            "private_endpoint_network_policies_enabled": true,
            "private_link_service_network_policies_enabled": true,
            "resource_group_name": "ex4",
            "service_endpoint_policy_ids": [],
            "service_endpoints": [],
            "timeouts": null,
            "virtual_network_name": "ex4-vnet1"
          },
          "sensitive_attributes": [],
          "private": "eyJlMmJmYjczMC1lY2FhLTExZTYtOGY4OC0zNDM2M2JjN2M0YzAiOnsiY3JlYXRlIjoxODAwMDAwMDAwMDAwLCJkZWxldGUiOjE4MDAwMDAwMDAwMDAsInJlYWQiOjMwMDAwMDAwMDAwMCwidXBkYXRlIjoxODAwMDAwMDAwMDAwfX0=",
          "dependencies": [
            "azurerm_resource_group.rg",
            "azurerm_virtual_network.vnet1"
          ]
        }
      ]
    },
    {
      "mode": "managed",
      "type": "azurerm_subnet_network_security_group_association",
      "name": "association-subnet1",
      "provider": "provider[\"registry.terraform.io/hashicorp/azurerm\"]",
      "instances": [
        {
          "index_key": "subnet1",
          "schema_version": 0,
          "attributes": {
            "id": "/subscriptions/340ced25-5f9a-4ea3-879a-4eafd36ecaf3/resourceGroups/ex4/providers/Microsoft.Network/virtualNetworks/ex4-vnet1/subnets/subnet1",
            "network_security_group_id": "/subscriptions/340ced25-5f9a-4ea3-879a-4eafd36ecaf3/resourceGroups/ex4/providers/Microsoft.Network/networkSecurityGroups/subnet1-nsg",
            "subnet_id": "/subscriptions/340ced25-5f9a-4ea3-879a-4eafd36ecaf3/resourceGroups/ex4/providers/Microsoft.Network/virtualNetworks/ex4-vnet1/subnets/subnet1",
            "timeouts": null
          },
          "sensitive_attributes": [],
          "private": "eyJlMmJmYjczMC1lY2FhLTExZTYtOGY4OC0zNDM2M2JjN2M0YzAiOnsiY3JlYXRlIjoxODAwMDAwMDAwMDAwLCJkZWxldGUiOjE4MDAwMDAwMDAwMDAsInJlYWQiOjMwMDAwMDAwMDAwMCwidXBkYXRlIjoxODAwMDAwMDAwMDAwfX0=",
          "dependencies": [
            "azurerm_network_security_group.nsg",
            "azurerm_resource_group.rg",
            "azurerm_subnet.my_subnet",
            "azurerm_virtual_network.vnet1"
          ]
        },
        {
          "index_key": "subnet2",
          "schema_version": 0,
          "attributes": {
            "id": "/subscriptions/340ced25-5f9a-4ea3-879a-4eafd36ecaf3/resourceGroups/ex4/providers/Microsoft.Network/virtualNetworks/ex4-vnet1/subnets/subnet2",
            "network_security_group_id": "/subscriptions/340ced25-5f9a-4ea3-879a-4eafd36ecaf3/resourceGroups/ex4/providers/Microsoft.Network/networkSecurityGroups/subnet1-nsg",
            "subnet_id": "/subscriptions/340ced25-5f9a-4ea3-879a-4eafd36ecaf3/resourceGroups/ex4/providers/Microsoft.Network/virtualNetworks/ex4-vnet1/subnets/subnet2",
            "timeouts": null
          },
          "sensitive_attributes": [],
          "private": "eyJlMmJmYjczMC1lY2FhLTExZTYtOGY4OC0zNDM2M2JjN2M0YzAiOnsiY3JlYXRlIjoxODAwMDAwMDAwMDAwLCJkZWxldGUiOjE4MDAwMDAwMDAwMDAsInJlYWQiOjMwMDAwMDAwMDAwMCwidXBkYXRlIjoxODAwMDAwMDAwMDAwfX0=",
          "dependencies": [
            "azurerm_network_security_group.nsg",
            "azurerm_resource_group.rg",
            "azurerm_subnet.my_subnet",
            "azurerm_virtual_network.vnet1"
          ]
        }
      ]
    },
    {
      "mode": "managed",
      "type": "azurerm_virtual_machine",
      "name": "webvm",
      "provider": "provider[\"registry.terraform.io/hashicorp/azurerm\"]",
      "instances": [
        {
          "schema_version": 0,
          "attributes": {
            "additional_capabilities": [],
            "availability_set_id": null,
            "boot_diagnostics": [],
            "delete_data_disks_on_termination": false,
            "delete_os_disk_on_termination": false,
            "id": "/subscriptions/340ced25-5f9a-4ea3-879a-4eafd36ecaf3/resourceGroups/ex4/providers/Microsoft.Compute/virtualMachines/ex4-webvm",
            "identity": [],
            "license_type": null,
            "location": "westeurope",
            "name": "ex4-webvm",
            "network_interface_ids": [
              "/subscriptions/340ced25-5f9a-4ea3-879a-4eafd36ecaf3/resourceGroups/ex4/providers/Microsoft.Network/networkInterfaces/ex4-webvm-if01"
            ],
            "os_profile": [
              {
                "admin_password": "",
                "admin_username": "lam_nguyen",
                "computer_name": "webvm",
                "custom_data": ""
              }
            ],
            "os_profile_linux_config": [
              {
                "disable_password_authentication": false,
                "ssh_keys": []
              }
            ],
            "os_profile_secrets": [],
            "os_profile_windows_config": [],
            "plan": [],
            "primary_network_interface_id": null,
            "proximity_placement_group_id": null,
            "resource_group_name": "ex4",
            "storage_data_disk": [],
            "storage_image_reference": [
              {
                "id": "",
                "offer": "ubuntuserver",
                "publisher": "canonical",
                "sku": "18.04-lts",
                "version": "latest"
              }
            ],
            "storage_os_disk": [
              {
                "caching": "ReadWrite",
                "create_option": "FromImage",
                "disk_size_gb": 30,
                "image_uri": "",
                "managed_disk_id": "/subscriptions/340ced25-5f9a-4ea3-879a-4eafd36ecaf3/resourceGroups/ex4/providers/Microsoft.Compute/disks/myosdisk1",
                "managed_disk_type": "Standard_LRS",
                "name": "myosdisk1",
                "os_type": "Linux",
                "vhd_uri": "",
                "write_accelerator_enabled": false
              }
            ],
            "tags": {
              "department": "it",
              "environment": "dev"
            },
            "timeouts": null,
            "vm_size": "Standard_DS1_v2",
            "zones": null
          },
          "sensitive_attributes": [
            [
              {
                "type": "get_attr",
                "value": "os_profile"
              }
            ]
          ],
          "private": "eyJlMmJmYjczMC1lY2FhLTExZTYtOGY4OC0zNDM2M2JjN2M0YzAiOnsiY3JlYXRlIjozNjAwMDAwMDAwMDAwLCJkZWxldGUiOjM2MDAwMDAwMDAwMDAsInJlYWQiOjMwMDAwMDAwMDAwMCwidXBkYXRlIjozNjAwMDAwMDAwMDAwfX0=",
          "dependencies": [
            "azurerm_network_interface.if01",
            "azurerm_resource_group.rg"
          ]
        }
      ]
    },
    {
      "mode": "managed",
      "type": "azurerm_virtual_network",
      "name": "vnet1",
      "provider": "provider[\"registry.terraform.io/hashicorp/azurerm\"]",
      "instances": [
        {
          "schema_version": 0,
          "attributes": {
            "address_space": [
              "192.168.0.0/16"
            ],
            "bgp_community": "",
            "ddos_protection_plan": [],
            "dns_servers": [],
            "edge_zone": "",
            "flow_timeout_in_minutes": 0,
            "guid": "b4f1df2e-4779-4493-b6a6-c9511f1f7603",
            "id": "/subscriptions/340ced25-5f9a-4ea3-879a-4eafd36ecaf3/resourceGroups/ex4/providers/Microsoft.Network/virtualNetworks/ex4-vnet1",
            "location": "westeurope",
            "name": "ex4-vnet1",
            "resource_group_name": "ex4",
            "subnet": [
              {
                "address_prefix": "192.168.0.0/24",
                "id": "/subscriptions/340ced25-5f9a-4ea3-879a-4eafd36ecaf3/resourceGroups/ex4/providers/Microsoft.Network/virtualNetworks/ex4-vnet1/subnets/subnet1",
                "name": "subnet1",
                "security_group": "/subscriptions/340ced25-5f9a-4ea3-879a-4eafd36ecaf3/resourceGroups/ex4/providers/Microsoft.Network/networkSecurityGroups/subnet1-nsg"
              },
              {
                "address_prefix": "192.168.1.0/24",
                "id": "/subscriptions/340ced25-5f9a-4ea3-879a-4eafd36ecaf3/resourceGroups/ex4/providers/Microsoft.Network/virtualNetworks/ex4-vnet1/subnets/subnet2",
                "name": "subnet2",
                "security_group": "/subscriptions/340ced25-5f9a-4ea3-879a-4eafd36ecaf3/resourceGroups/ex4/providers/Microsoft.Network/networkSecurityGroups/subnet1-nsg"
              }
            ],
            "tags": {},
            "timeouts": null
          },
          "sensitive_attributes": [],
          "private": "eyJlMmJmYjczMC1lY2FhLTExZTYtOGY4OC0zNDM2M2JjN2M0YzAiOnsiY3JlYXRlIjoxODAwMDAwMDAwMDAwLCJkZWxldGUiOjE4MDAwMDAwMDAwMDAsInJlYWQiOjMwMDAwMDAwMDAwMCwidXBkYXRlIjoxODAwMDAwMDAwMDAwfX0=",
          "dependencies": [
            "azurerm_resource_group.rg"
          ]
        }
      ]
    }
  ],
  "check_results": null
}
