{
  "version": 4,
  "terraform_version": "1.5.0",
  "serial": 19,
  "lineage": "561df4c3-9f85-871e-c81f-12b04b14af5c",
  "outputs": {
    "random_integer": {
      "value": 2230,
      "type": "number"
    },
    "random_value": {
      "value": "WEeL24(6o)",
      "type": "string"
    }
  },
  "resources": [
    {
      "mode": "managed",
      "type": "azurerm_resource_group",
      "name": "rg",
      "provider": "provider[\"registry.terraform.io/hashicorp/azurerm\"]",
      "instances": [
        {
          "schema_version": 0,
          "attributes": {
            "id": "/subscriptions/340ced25-5f9a-4ea3-879a-4eafd36ecaf3/resourceGroups/myrg-WEeL24(6o)",
            "location": "southeastasia",
            "name": "myrg-WEeL24(6o)",
            "tags": {},
            "timeouts": null
          },
          "sensitive_attributes": [],
          "private": "eyJlMmJmYjczMC1lY2FhLTExZTYtOGY4OC0zNDM2M2JjN2M0YzAiOnsiY3JlYXRlIjo1NDAwMDAwMDAwMDAwLCJkZWxldGUiOjU0MDAwMDAwMDAwMDAsInJlYWQiOjMwMDAwMDAwMDAwMCwidXBkYXRlIjo1NDAwMDAwMDAwMDAwfX0=",
          "dependencies": [
            "random_string.random"
          ]
        }
      ]
    },
    {
      "mode": "managed",
      "type": "azurerm_storage_account",
      "name": "storage_acc",
      "provider": "provider[\"registry.terraform.io/hashicorp/azurerm\"]",
      "instances": [
        {
          "index_key": 0,
          "schema_version": 3,
          "attributes": {
            "access_tier": "Hot",
            "account_kind": "StorageV2",
            "account_replication_type": "LRS",
            "account_tier": "Standard",
            "allow_nested_items_to_be_public": true,
            "allowed_copy_scope": "",
            "azure_files_authentication": [],
            "blob_properties": [
              {
                "change_feed_enabled": false,
                "change_feed_retention_in_days": 0,
                "container_delete_retention_policy": [],
                "cors_rule": [],
                "default_service_version": "",
                "delete_retention_policy": [],
                "last_access_time_enabled": false,
                "restore_policy": [],
                "versioning_enabled": false
              }
            ],
            "cross_tenant_replication_enabled": true,
            "custom_domain": [],
            "customer_managed_key": [],
            "default_to_oauth_authentication": false,
            "edge_zone": "",
            "enable_https_traffic_only": true,
            "id": "/subscriptions/340ced25-5f9a-4ea3-879a-4eafd36ecaf3/resourceGroups/myrg-WEeL24(6o)/providers/Microsoft.Storage/storageAccounts/myrgsoutheastasia22300",
            "identity": [],
            "immutability_policy": [],
            "infrastructure_encryption_enabled": false,
            "is_hns_enabled": false,
            "large_file_share_enabled": null,
            "location": "southeastasia",
            "min_tls_version": "TLS1_2",
            "name": "myrgsoutheastasia22300",
            "network_rules": [
              {
                "bypass": [
                  "AzureServices"
                ],
                "default_action": "Allow",
                "ip_rules": [],
                "private_link_access": [],
                "virtual_network_subnet_ids": []
              }
            ],
            "nfsv3_enabled": false,
            "primary_access_key": "zgMcxOhUO6VeKXyNpd5Fd3vS7SSJCDqcqT2qglWHKJsezTdkLLY4Kgx9Ab+IB3R3J1qaDjbai/GM+ASthh9iWA==",
            "primary_blob_connection_string": "DefaultEndpointsProtocol=https;BlobEndpoint=https://myrgsoutheastasia22300.blob.core.windows.net/;AccountName=myrgsoutheastasia22300;AccountKey=zgMcxOhUO6VeKXyNpd5Fd3vS7SSJCDqcqT2qglWHKJsezTdkLLY4Kgx9Ab+IB3R3J1qaDjbai/GM+ASthh9iWA==",
            "primary_blob_endpoint": "https://myrgsoutheastasia22300.blob.core.windows.net/",
            "primary_blob_host": "myrgsoutheastasia22300.blob.core.windows.net",
            "primary_connection_string": "DefaultEndpointsProtocol=https;AccountName=myrgsoutheastasia22300;AccountKey=zgMcxOhUO6VeKXyNpd5Fd3vS7SSJCDqcqT2qglWHKJsezTdkLLY4Kgx9Ab+IB3R3J1qaDjbai/GM+ASthh9iWA==;EndpointSuffix=core.windows.net",
            "primary_dfs_endpoint": "https://myrgsoutheastasia22300.dfs.core.windows.net/",
            "primary_dfs_host": "myrgsoutheastasia22300.dfs.core.windows.net",
            "primary_file_endpoint": "https://myrgsoutheastasia22300.file.core.windows.net/",
            "primary_file_host": "myrgsoutheastasia22300.file.core.windows.net",
            "primary_location": "southeastasia",
            "primary_queue_endpoint": "https://myrgsoutheastasia22300.queue.core.windows.net/",
            "primary_queue_host": "myrgsoutheastasia22300.queue.core.windows.net",
            "primary_table_endpoint": "https://myrgsoutheastasia22300.table.core.windows.net/",
            "primary_table_host": "myrgsoutheastasia22300.table.core.windows.net",
            "primary_web_endpoint": "https://myrgsoutheastasia22300.z23.web.core.windows.net/",
            "primary_web_host": "myrgsoutheastasia22300.z23.web.core.windows.net",
            "public_network_access_enabled": true,
            "queue_encryption_key_type": "Service",
            "queue_properties": [
              {
                "cors_rule": [],
                "hour_metrics": [
                  {
                    "enabled": true,
                    "include_apis": true,
                    "retention_policy_days": 7,
                    "version": "1.0"
                  }
                ],
                "logging": [
                  {
                    "delete": false,
                    "read": false,
                    "retention_policy_days": 0,
                    "version": "1.0",
                    "write": false
                  }
                ],
                "minute_metrics": [
                  {
                    "enabled": false,
                    "include_apis": false,
                    "retention_policy_days": 0,
                    "version": "1.0"
                  }
                ]
              }
            ],
            "resource_group_name": "myrg-WEeL24(6o)",
            "routing": [],
            "sas_policy": [],
            "secondary_access_key": "YINFiHT2IDFayEdTorr/03frjzb9U1G1biypr7KlMWTRurvGjp47zAaYxxAZ65rUSus9ZfdJZzuh+ASt+y2h3Q==",
            "secondary_blob_connection_string": "",
            "secondary_blob_endpoint": null,
            "secondary_blob_host": null,
            "secondary_connection_string": "DefaultEndpointsProtocol=https;AccountName=myrgsoutheastasia22300;AccountKey=YINFiHT2IDFayEdTorr/03frjzb9U1G1biypr7KlMWTRurvGjp47zAaYxxAZ65rUSus9ZfdJZzuh+ASt+y2h3Q==;EndpointSuffix=core.windows.net",
            "secondary_dfs_endpoint": null,
            "secondary_dfs_host": null,
            "secondary_file_endpoint": null,
            "secondary_file_host": null,
            "secondary_location": "",
            "secondary_queue_endpoint": null,
            "secondary_queue_host": null,
            "secondary_table_endpoint": null,
            "secondary_table_host": null,
            "secondary_web_endpoint": null,
            "secondary_web_host": null,
            "sftp_enabled": false,
            "share_properties": [
              {
                "cors_rule": [],
                "retention_policy": [
                  {
                    "days": 7
                  }
                ],
                "smb": []
              }
            ],
            "shared_access_key_enabled": true,
            "static_website": [],
            "table_encryption_key_type": "Service",
            "tags": {},
            "timeouts": null
          },
          "sensitive_attributes": [],
          "private": "eyJlMmJmYjczMC1lY2FhLTExZTYtOGY4OC0zNDM2M2JjN2M0YzAiOnsiY3JlYXRlIjozNjAwMDAwMDAwMDAwLCJkZWxldGUiOjM2MDAwMDAwMDAwMDAsInJlYWQiOjMwMDAwMDAwMDAwMCwidXBkYXRlIjozNjAwMDAwMDAwMDAwfSwic2NoZW1hX3ZlcnNpb24iOiIzIn0=",
          "dependencies": [
            "azurerm_resource_group.rg",
            "random_integer.random_no",
            "random_string.random"
          ]
        },
        {
          "index_key": 1,
          "schema_version": 3,
          "attributes": {
            "access_tier": "Hot",
            "account_kind": "StorageV2",
            "account_replication_type": "LRS",
            "account_tier": "Standard",
            "allow_nested_items_to_be_public": true,
            "allowed_copy_scope": "",
            "azure_files_authentication": [],
            "blob_properties": [
              {
                "change_feed_enabled": false,
                "change_feed_retention_in_days": 0,
                "container_delete_retention_policy": [],
                "cors_rule": [],
                "default_service_version": "",
                "delete_retention_policy": [],
                "last_access_time_enabled": false,
                "restore_policy": [],
                "versioning_enabled": false
              }
            ],
            "cross_tenant_replication_enabled": true,
            "custom_domain": [],
            "customer_managed_key": [],
            "default_to_oauth_authentication": false,
            "edge_zone": "",
            "enable_https_traffic_only": true,
            "id": "/subscriptions/340ced25-5f9a-4ea3-879a-4eafd36ecaf3/resourceGroups/myrg-WEeL24(6o)/providers/Microsoft.Storage/storageAccounts/myrgsoutheastasia22301",
            "identity": [],
            "immutability_policy": [],
            "infrastructure_encryption_enabled": false,
            "is_hns_enabled": false,
            "large_file_share_enabled": null,
            "location": "southeastasia",
            "min_tls_version": "TLS1_2",
            "name": "myrgsoutheastasia22301",
            "network_rules": [
              {
                "bypass": [
                  "AzureServices"
                ],
                "default_action": "Allow",
                "ip_rules": [],
                "private_link_access": [],
                "virtual_network_subnet_ids": []
              }
            ],
            "nfsv3_enabled": false,
            "primary_access_key": "FWdEMS6abt0UILRc9GN4Dw+PJ+RqzKBMHSiI7wZqIWyZZ0+y5STHGKrbocS5PbUghh/bEQBFQLVl+AStq5ccyw==",
            "primary_blob_connection_string": "DefaultEndpointsProtocol=https;BlobEndpoint=https://myrgsoutheastasia22301.blob.core.windows.net/;AccountName=myrgsoutheastasia22301;AccountKey=FWdEMS6abt0UILRc9GN4Dw+PJ+RqzKBMHSiI7wZqIWyZZ0+y5STHGKrbocS5PbUghh/bEQBFQLVl+AStq5ccyw==",
            "primary_blob_endpoint": "https://myrgsoutheastasia22301.blob.core.windows.net/",
            "primary_blob_host": "myrgsoutheastasia22301.blob.core.windows.net",
            "primary_connection_string": "DefaultEndpointsProtocol=https;AccountName=myrgsoutheastasia22301;AccountKey=FWdEMS6abt0UILRc9GN4Dw+PJ+RqzKBMHSiI7wZqIWyZZ0+y5STHGKrbocS5PbUghh/bEQBFQLVl+AStq5ccyw==;EndpointSuffix=core.windows.net",
            "primary_dfs_endpoint": "https://myrgsoutheastasia22301.dfs.core.windows.net/",
            "primary_dfs_host": "myrgsoutheastasia22301.dfs.core.windows.net",
            "primary_file_endpoint": "https://myrgsoutheastasia22301.file.core.windows.net/",
            "primary_file_host": "myrgsoutheastasia22301.file.core.windows.net",
            "primary_location": "southeastasia",
            "primary_queue_endpoint": "https://myrgsoutheastasia22301.queue.core.windows.net/",
            "primary_queue_host": "myrgsoutheastasia22301.queue.core.windows.net",
            "primary_table_endpoint": "https://myrgsoutheastasia22301.table.core.windows.net/",
            "primary_table_host": "myrgsoutheastasia22301.table.core.windows.net",
            "primary_web_endpoint": "https://myrgsoutheastasia22301.z23.web.core.windows.net/",
            "primary_web_host": "myrgsoutheastasia22301.z23.web.core.windows.net",
            "public_network_access_enabled": true,
            "queue_encryption_key_type": "Service",
            "queue_properties": [
              {
                "cors_rule": [],
                "hour_metrics": [
                  {
                    "enabled": true,
                    "include_apis": true,
                    "retention_policy_days": 7,
                    "version": "1.0"
                  }
                ],
                "logging": [
                  {
                    "delete": false,
                    "read": false,
                    "retention_policy_days": 0,
                    "version": "1.0",
                    "write": false
                  }
                ],
                "minute_metrics": [
                  {
                    "enabled": false,
                    "include_apis": false,
                    "retention_policy_days": 0,
                    "version": "1.0"
                  }
                ]
              }
            ],
            "resource_group_name": "myrg-WEeL24(6o)",
            "routing": [],
            "sas_policy": [],
            "secondary_access_key": "Rpb7zeR9mv1eV7lhleHSlL/HAzBfhISZzFMhLFhvgQPuOBm2osNCmdTjraCtbe2+onRUlvXDjRxR+ASt/HHbgA==",
            "secondary_blob_connection_string": "",
            "secondary_blob_endpoint": null,
            "secondary_blob_host": null,
            "secondary_connection_string": "DefaultEndpointsProtocol=https;AccountName=myrgsoutheastasia22301;AccountKey=Rpb7zeR9mv1eV7lhleHSlL/HAzBfhISZzFMhLFhvgQPuOBm2osNCmdTjraCtbe2+onRUlvXDjRxR+ASt/HHbgA==;EndpointSuffix=core.windows.net",
            "secondary_dfs_endpoint": null,
            "secondary_dfs_host": null,
            "secondary_file_endpoint": null,
            "secondary_file_host": null,
            "secondary_location": "",
            "secondary_queue_endpoint": null,
            "secondary_queue_host": null,
            "secondary_table_endpoint": null,
            "secondary_table_host": null,
            "secondary_web_endpoint": null,
            "secondary_web_host": null,
            "sftp_enabled": false,
            "share_properties": [
              {
                "cors_rule": [],
                "retention_policy": [
                  {
                    "days": 7
                  }
                ],
                "smb": []
              }
            ],
            "shared_access_key_enabled": true,
            "static_website": [],
            "table_encryption_key_type": "Service",
            "tags": {},
            "timeouts": null
          },
          "sensitive_attributes": [],
          "private": "eyJlMmJmYjczMC1lY2FhLTExZTYtOGY4OC0zNDM2M2JjN2M0YzAiOnsiY3JlYXRlIjozNjAwMDAwMDAwMDAwLCJkZWxldGUiOjM2MDAwMDAwMDAwMDAsInJlYWQiOjMwMDAwMDAwMDAwMCwidXBkYXRlIjozNjAwMDAwMDAwMDAwfSwic2NoZW1hX3ZlcnNpb24iOiIzIn0=",
          "dependencies": [
            "azurerm_resource_group.rg",
            "random_integer.random_no",
            "random_string.random"
          ]
        }
      ]
    },
    {
      "mode": "managed",
      "type": "azurerm_storage_container",
      "name": "my_container",
      "provider": "provider[\"registry.terraform.io/hashicorp/azurerm\"]",
      "instances": [
        {
          "index_key": 0,
          "schema_version": 1,
          "attributes": {
            "container_access_type": "private",
            "has_immutability_policy": false,
            "has_legal_hold": false,
            "id": "https://myrgsoutheastasia22300.blob.core.windows.net/containermyrgsoutheastasia0",
            "metadata": {},
            "name": "containermyrgsoutheastasia0",
            "resource_manager_id": "/subscriptions/340ced25-5f9a-4ea3-879a-4eafd36ecaf3/resourceGroups/myrg-WEeL24(6o)/providers/Microsoft.Storage/storageAccounts/myrgsoutheastasia22300/blobServices/default/containers/containermyrgsoutheastasia0",
            "storage_account_name": "myrgsoutheastasia22300",
            "timeouts": null
          },
          "sensitive_attributes": [],
          "private": "eyJlMmJmYjczMC1lY2FhLTExZTYtOGY4OC0zNDM2M2JjN2M0YzAiOnsiY3JlYXRlIjoxODAwMDAwMDAwMDAwLCJkZWxldGUiOjE4MDAwMDAwMDAwMDAsInJlYWQiOjMwMDAwMDAwMDAwMCwidXBkYXRlIjoxODAwMDAwMDAwMDAwfSwic2NoZW1hX3ZlcnNpb24iOiIxIn0=",
          "dependencies": [
            "azurerm_resource_group.rg",
            "azurerm_storage_account.storage_acc"
          ]
        },
        {
          "index_key": 1,
          "schema_version": 1,
          "attributes": {
            "container_access_type": "private",
            "has_immutability_policy": false,
            "has_legal_hold": false,
            "id": "https://myrgsoutheastasia22301.blob.core.windows.net/containermyrgsoutheastasia1",
            "metadata": {},
            "name": "containermyrgsoutheastasia1",
            "resource_manager_id": "/subscriptions/340ced25-5f9a-4ea3-879a-4eafd36ecaf3/resourceGroups/myrg-WEeL24(6o)/providers/Microsoft.Storage/storageAccounts/myrgsoutheastasia22301/blobServices/default/containers/containermyrgsoutheastasia1",
            "storage_account_name": "myrgsoutheastasia22301",
            "timeouts": null
          },
          "sensitive_attributes": [],
          "private": "eyJlMmJmYjczMC1lY2FhLTExZTYtOGY4OC0zNDM2M2JjN2M0YzAiOnsiY3JlYXRlIjoxODAwMDAwMDAwMDAwLCJkZWxldGUiOjE4MDAwMDAwMDAwMDAsInJlYWQiOjMwMDAwMDAwMDAwMCwidXBkYXRlIjoxODAwMDAwMDAwMDAwfSwic2NoZW1hX3ZlcnNpb24iOiIxIn0=",
          "dependencies": [
            "azurerm_resource_group.rg",
            "azurerm_storage_account.storage_acc"
          ]
        }
      ]
    },
    {
      "mode": "managed",
      "type": "random_integer",
      "name": "random_no",
      "provider": "provider[\"registry.terraform.io/hashicorp/random\"]",
      "instances": [
        {
          "schema_version": 0,
          "attributes": {
            "id": "2230",
            "keepers": null,
            "max": 9999,
            "min": 1000,
            "result": 2230,
            "seed": null
          },
          "sensitive_attributes": []
        }
      ]
    },
    {
      "mode": "managed",
      "type": "random_string",
      "name": "random",
      "provider": "provider[\"registry.terraform.io/hashicorp/random\"]",
      "instances": [
        {
          "schema_version": 2,
          "attributes": {
            "id": "WEeL24(6o)",
            "keepers": null,
            "length": 10,
            "lower": true,
            "min_lower": 0,
            "min_numeric": 0,
            "min_special": 0,
            "min_upper": 0,
            "number": true,
            "numeric": true,
            "override_special": "-_()",
            "result": "WEeL24(6o)",
            "special": true,
            "upper": true
          },
          "sensitive_attributes": []
        }
      ]
    }
  ],
  "check_results": null
}
